{
  "name": "Stream",
  "lockfileVersion": 3,
  "requires": true,
  "packages": {
    "": {
      "dependencies": {
        "hls.js": "^1.6.14"
      }
    },
    "node_modules/hls.js": {
      "version": "1.6.14",
      "resolved": "https://registry.npmjs.org/hls.js/-/hls.js-1.6.14.tgz",
      "integrity": "sha512-CSpT2aXsv71HST8C5ETeVo+6YybqCpHBiYrCRQSn3U5QUZuLTSsvtq/bj+zuvjLVADeKxoebzo16OkH8m1+65Q==",
      "license": "Apache-2.0"
    }
  }
}
